{
  "name": "snova-admin-module",
  "version": "0.0.27",
  "lockfileVersion": 1,
  "requires": true,
  "dependencies": {
    "@types/underscore": {
      "version": "1.10.2",
      "resolved": "https://registry.npmjs.org/@types/underscore/-/underscore-1.10.2.tgz",
      "integrity": "sha512-+++tVg7PrEZxO++8xUSJygAMqezp7CLD+Mp4bNSAZUdlFDyp4OcW24o4FLAAKpoKOGUPmWLWfpxaWi83uKeh4g==",
      "dev": true
    }
  }
}
